PODS:
  - Alamofire (3.0.0)
  - Bolts (1.4.0):
    - Bolts/AppLinks (= 1.4.0)
    - Bolts/Tasks (= 1.4.0)
  - Bolts/AppLinks (1.4.0):
    - Bolts/Tasks
  - Bolts/Tasks (1.4.0)
  - FBSDKCoreKit (4.7.1):
    - Bolts (~> 1.1)
    - FBSDKCoreKit/arc (= 4.7.1)
    - FBSDKCoreKit/no-arc (= 4.7.1)
  - FBSDKCoreKit/arc (4.7.1):
    - Bolts (~> 1.1)
  - FBSDKCoreKit/no-arc (4.7.1):
    - Bolts (~> 1.1)
    - FBSDKCoreKit/arc
  - FBSDKLoginKit (4.7.1):
    - FBSDKCoreKit
  - FBSDKShareKit (4.7.1):
    - FBSDKCoreKit
  - Firebase (2.4.2)
  - Google/Core (1.1.1):
    - GoogleInterchangeUtilities (~> 1.0)
    - GoogleNetworkingUtilities (~> 1.0)
    - GoogleSymbolUtilities (~> 1.0)
    - GoogleUtilities (~> 1.1)
  - Google/SignIn (1.1.1):
    - Google/Core
    - GoogleSignIn (~> 2.0)
  - GoogleAppUtilities (1.0.0):
    - GoogleSymbolUtilities (~> 1.0)
  - GoogleAuthUtilities (1.0.1):
    - GoogleNetworkingUtilities (~> 1.0)
    - GoogleSymbolUtilities (~> 1.0)
  - GoogleInterchangeUtilities (1.0.0):
    - GoogleSymbolUtilities (~> 1.0)
  - GoogleNetworkingUtilities (1.0.0):
    - GoogleSymbolUtilities (~> 1.0)
  - GoogleSignIn (2.4.0):
    - GoogleAppUtilities (~> 1.0)
    - GoogleAuthUtilities (~> 1.0)
    - GoogleNetworkingUtilities (~> 1.0)
    - GoogleUtilities (~> 1.0)
  - GoogleSymbolUtilities (1.0.0)
  - GoogleUtilities (1.1.0):
    - GoogleSymbolUtilities (~> 1.0.0)

DEPENDENCIES:
  - Alamofire (~> 3.0)
  - FBSDKCoreKit (~> 4.7)
  - FBSDKLoginKit (~> 4.7)
  - FBSDKShareKit (~> 4.7)
  - Firebase (>= 2.4.2)
  - Google/SignIn

SPEC CHECKSUMS:
  Alamofire: b61782387f81bcc538a0284cf2bb5d7995cd0a80
  Bolts: 0e9bce58b9b9f5e8a7a4d47b16d2fabec289072b
  FBSDKCoreKit: 9141b70960a37930850370495fe565f4a27ac141
  FBSDKLoginKit: c11ed3c2833472db3bb4a4aecf27af4a6f69b173
  FBSDKShareKit: 213adf63e073f41a346b0e7a689805880dc5150e
  Firebase: 5e898ed5012c81d28ca5fae1113c6b61a172bc6d
  Google: 529a5d8719dff90ea2e7cba5f45302cd359b5456
  GoogleAppUtilities: c01c6a5671e9da8b9d690fdaec5959d6c2aac699
  GoogleAuthUtilities: 049ffd3a297cdffd271451b82fd4e75304f15ef3
  GoogleInterchangeUtilities: fe088bea8c936218e52324a004d279c4491b9d65
  GoogleNetworkingUtilities: 292992ab31b7b4ba32809a0e8b40e324cdfb2c0c
  GoogleSignIn: 79929b51e6299c69f1197bbd9c7a1367d523ecd8
  GoogleSymbolUtilities: a7b0feed1fe667c8d5e647177938d0ecd62d6948
  GoogleUtilities: 8ed9134debe11719097881711464752900668f10

COCOAPODS: 0.38.2
